// !$*UTF8*$!
{
	archiveVersion = 1;
	classes = {
	};
	objectVersion = 46;
	objects = {

/* Begin PBXBuildFile section */
		2806DB411ECA61B300126188 /* DevRequestsTableViewCell.m in Sources */ = {isa = PBXBuildFile; fileRef = 2806DB3F1ECA61B300126188 /* DevRequestsTableViewCell.m */; };
		2806DB421ECA61B300126188 /* DevRequestsTableViewCell.xib in Resources */ = {isa = PBXBuildFile; fileRef = 2806DB401ECA61B300126188 /* DevRequestsTableViewCell.xib */; };
		2806DB471ECAB91000126188 /* JSAPI.m in Sources */ = {isa = PBXBuildFile; fileRef = 2806DB461ECAB91000126188 /* JSAPI.m */; };
		2806DB4A1ECB80CC00126188 /* DevCell.m in Sources */ = {isa = PBXBuildFile; fileRef = 2806DB491ECB80CC00126188 /* DevCell.m */; };
		2806DB4D1ECB9B2700126188 /* DevProfileViewController.m in Sources */ = {isa = PBXBuildFile; fileRef = 2806DB4C1ECB9B2700126188 /* DevProfileViewController.m */; };
		624F8D581ECA48C6000C20FA /* main.m in Sources */ = {isa = PBXBuildFile; fileRef = 624F8D571ECA48C6000C20FA /* main.m */; };
		624F8D5B1ECA48C6000C20FA /* AppDelegate.m in Sources */ = {isa = PBXBuildFile; fileRef = 624F8D5A1ECA48C6000C20FA /* AppDelegate.m */; };
		624F8D5E1ECA48C6000C20FA /* ViewController.m in Sources */ = {isa = PBXBuildFile; fileRef = 624F8D5D1ECA48C6000C20FA /* ViewController.m */; };
		624F8D611ECA48C6000C20FA /* Main.storyboard in Resources */ = {isa = PBXBuildFile; fileRef = 624F8D5F1ECA48C6000C20FA /* Main.storyboard */; };
		624F8D631ECA48C6000C20FA /* Assets.xcassets in Resources */ = {isa = PBXBuildFile; fileRef = 624F8D621ECA48C6000C20FA /* Assets.xcassets */; };
		624F8D661ECA48C6000C20FA /* LaunchScreen.storyboard in Resources */ = {isa = PBXBuildFile; fileRef = 624F8D641ECA48C6000C20FA /* LaunchScreen.storyboard */; };
		624F8D731ECA6403000C20FA /* User.m in Sources */ = {isa = PBXBuildFile; fileRef = 624F8D721ECA6403000C20FA /* User.m */; };
		624F8D771ECA654A000C20FA /* Developer.m in Sources */ = {isa = PBXBuildFile; fileRef = 624F8D761ECA654A000C20FA /* Developer.m */; };
		624F8D7A1ECA660D000C20FA /* Organization.m in Sources */ = {isa = PBXBuildFile; fileRef = 624F8D791ECA660D000C20FA /* Organization.m */; };
		624F8D7D1ECB8845000C20FA /* Project.m in Sources */ = {isa = PBXBuildFile; fileRef = 624F8D7C1ECB8845000C20FA /* Project.m */; };
		624F8D801ECB8A65000C20FA /* Review.m in Sources */ = {isa = PBXBuildFile; fileRef = 624F8D7F1ECB8A65000C20FA /* Review.m */; };
		624F8D831ECBE5CA000C20FA /* NewRequestViewController.m in Sources */ = {isa = PBXBuildFile; fileRef = 624F8D821ECBE5CA000C20FA /* NewRequestViewController.m */; };
/* End PBXBuildFile section */

/* Begin PBXFileReference section */
		2806DB3E1ECA61B300126188 /* DevRequestsTableViewCell.h */ = {isa = PBXFileReference; fileEncoding = 4; lastKnownFileType = sourcecode.c.h; path = DevRequestsTableViewCell.h; sourceTree = "<group>"; };
		2806DB3F1ECA61B300126188 /* DevRequestsTableViewCell.m */ = {isa = PBXFileReference; fileEncoding = 4; lastKnownFileType = sourcecode.c.objc; path = DevRequestsTableViewCell.m; sourceTree = "<group>"; };
		2806DB401ECA61B300126188 /* DevRequestsTableViewCell.xib */ = {isa = PBXFileReference; fileEncoding = 4; lastKnownFileType = file.xib; path = DevRequestsTableViewCell.xib; sourceTree = "<group>"; };
		2806DB451ECAB91000126188 /* JSAPI.h */ = {isa = PBXFileReference; fileEncoding = 4; lastKnownFileType = sourcecode.c.h; path = JSAPI.h; sourceTree = "<group>"; };
		2806DB461ECAB91000126188 /* JSAPI.m */ = {isa = PBXFileReference; fileEncoding = 4; lastKnownFileType = sourcecode.c.objc; path = JSAPI.m; sourceTree = "<group>"; };
		2806DB481ECB80CC00126188 /* DevCell.h */ = {isa = PBXFileReference; fileEncoding = 4; lastKnownFileType = sourcecode.c.h; path = DevCell.h; sourceTree = "<group>"; };
		2806DB491ECB80CC00126188 /* DevCell.m */ = {isa = PBXFileReference; fileEncoding = 4; lastKnownFileType = sourcecode.c.objc; path = DevCell.m; sourceTree = "<group>"; };
		2806DB4B1ECB9B2700126188 /* DevProfileViewController.h */ = {isa = PBXFileReference; fileEncoding = 4; lastKnownFileType = sourcecode.c.h; path = DevProfileViewController.h; sourceTree = "<group>"; };
		2806DB4C1ECB9B2700126188 /* DevProfileViewController.m */ = {isa = PBXFileReference; fileEncoding = 4; lastKnownFileType = sourcecode.c.objc; path = DevProfileViewController.m; sourceTree = "<group>"; };
		624F8D531ECA48C6000C20FA /* dev-org.app */ = {isa = PBXFileReference; explicitFileType = wrapper.application; includeInIndex = 0; path = "dev-org.app"; sourceTree = BUILT_PRODUCTS_DIR; };
		624F8D571ECA48C6000C20FA /* main.m */ = {isa = PBXFileReference; lastKnownFileType = sourcecode.c.objc; path = main.m; sourceTree = "<group>"; };
		624F8D591ECA48C6000C20FA /* AppDelegate.h */ = {isa = PBXFileReference; lastKnownFileType = sourcecode.c.h; path = AppDelegate.h; sourceTree = "<group>"; };
		624F8D5A1ECA48C6000C20FA /* AppDelegate.m */ = {isa = PBXFileReference; lastKnownFileType = sourcecode.c.objc; path = AppDelegate.m; sourceTree = "<group>"; };
		624F8D5C1ECA48C6000C20FA /* ViewController.h */ = {isa = PBXFileReference; lastKnownFileType = sourcecode.c.h; path = ViewController.h; sourceTree = "<group>"; };
		624F8D5D1ECA48C6000C20FA /* ViewController.m */ = {isa = PBXFileReference; lastKnownFileType = sourcecode.c.objc; path = ViewController.m; sourceTree = "<group>"; };
		624F8D601ECA48C6000C20FA /* Base */ = {isa = PBXFileReference; lastKnownFileType = file.storyboard; name = Base; path = Base.lproj/Main.storyboard; sourceTree = "<group>"; };
		624F8D621ECA48C6000C20FA /* Assets.xcassets */ = {isa = PBXFileReference; lastKnownFileType = folder.assetcatalog; path = Assets.xcassets; sourceTree = "<group>"; };
		624F8D651ECA48C6000C20FA /* Base */ = {isa = PBXFileReference; lastKnownFileType = file.storyboard; name = Base; path = Base.lproj/LaunchScreen.storyboard; sourceTree = "<group>"; };
		624F8D671ECA48C6000C20FA /* Info.plist */ = {isa = PBXFileReference; lastKnownFileType = text.plist.xml; path = Info.plist; sourceTree = "<group>"; };
		624F8D711ECA6403000C20FA /* User.h */ = {isa = PBXFileReference; fileEncoding = 4; lastKnownFileType = sourcecode.c.h; path = User.h; sourceTree = "<group>"; };
		624F8D721ECA6403000C20FA /* User.m */ = {isa = PBXFileReference; fileEncoding = 4; lastKnownFileType = sourcecode.c.objc; path = User.m; sourceTree = "<group>"; };
		624F8D751ECA654A000C20FA /* Developer.h */ = {isa = PBXFileReference; fileEncoding = 4; lastKnownFileType = sourcecode.c.h; path = Developer.h; sourceTree = "<group>"; };
		624F8D761ECA654A000C20FA /* Developer.m */ = {isa = PBXFileReference; fileEncoding = 4; lastKnownFileType = sourcecode.c.objc; path = Developer.m; sourceTree = "<group>"; };
		624F8D781ECA660D000C20FA /* Organization.h */ = {isa = PBXFileReference; fileEncoding = 4; lastKnownFileType = sourcecode.c.h; path = Organization.h; sourceTree = "<group>"; };
		624F8D791ECA660D000C20FA /* Organization.m */ = {isa = PBXFileReference; fileEncoding = 4; lastKnownFileType = sourcecode.c.objc; path = Organization.m; sourceTree = "<group>"; };
		624F8D7B1ECB8845000C20FA /* Project.h */ = {isa = PBXFileReference; fileEncoding = 4; lastKnownFileType = sourcecode.c.h; path = Project.h; sourceTree = "<group>"; };
		624F8D7C1ECB8845000C20FA /* Project.m */ = {isa = PBXFileReference; fileEncoding = 4; lastKnownFileType = sourcecode.c.objc; path = Project.m; sourceTree = "<group>"; };
		624F8D7E1ECB8A65000C20FA /* Review.h */ = {isa = PBXFileReference; fileEncoding = 4; lastKnownFileType = sourcecode.c.h; path = Review.h; sourceTree = "<group>"; };
		624F8D7F1ECB8A65000C20FA /* Review.m */ = {isa = PBXFileReference; fileEncoding = 4; lastKnownFileType = sourcecode.c.objc; path = Review.m; sourceTree = "<group>"; };
		624F8D811ECBE5CA000C20FA /* NewRequestViewController.h */ = {isa = PBXFileReference; fileEncoding = 4; lastKnownFileType = sourcecode.c.h; path = NewRequestViewController.h; sourceTree = "<group>"; };
		624F8D821ECBE5CA000C20FA /* NewRequestViewController.m */ = {isa = PBXFileReference; fileEncoding = 4; lastKnownFileType = sourcecode.c.objc; path = NewRequestViewController.m; sourceTree = "<group>"; };
/* End PBXFileReference section */

/* Begin PBXFrameworksBuildPhase section */
		624F8D501ECA48C6000C20FA /* Frameworks */ = {
			isa = PBXFrameworksBuildPhase;
			buildActionMask = 2147483647;
			files = (
			);
			runOnlyForDeploymentPostprocessing = 0;
		};
/* End PBXFrameworksBuildPhase section */

/* Begin PBXGroup section */
		624F8D4A1ECA48C6000C20FA = {
			isa = PBXGroup;
			children = (
				624F8D551ECA48C6000C20FA /* dev-org */,
				624F8D541ECA48C6000C20FA /* Products */,
			);
			sourceTree = "<group>";
		};
		624F8D541ECA48C6000C20FA /* Products */ = {
			isa = PBXGroup;
			children = (
				624F8D531ECA48C6000C20FA /* dev-org.app */,
			);
			name = Products;
			sourceTree = "<group>";
		};
		624F8D551ECA48C6000C20FA /* dev-org */ = {
			isa = PBXGroup;
			children = (
				624F8D741ECA6408000C20FA /* Models */,
				624F8D6D1ECA4950000C20FA /* Controllers */,
				624F8D6E1ECA4957000C20FA /* Views */,
				624F8D561ECA48C6000C20FA /* Supporting Files */,
			);
			path = "dev-org";
			sourceTree = "<group>";
		};
		624F8D561ECA48C6000C20FA /* Supporting Files */ = {
			isa = PBXGroup;
			children = (
				624F8D591ECA48C6000C20FA /* AppDelegate.h */,
				624F8D5A1ECA48C6000C20FA /* AppDelegate.m */,
				624F8D621ECA48C6000C20FA /* Assets.xcassets */,
				624F8D671ECA48C6000C20FA /* Info.plist */,
				624F8D571ECA48C6000C20FA /* main.m */,
				2806DB451ECAB91000126188 /* JSAPI.h */,
				2806DB461ECAB91000126188 /* JSAPI.m */,
			);
			name = "Supporting Files";
			sourceTree = "<group>";
		};
		624F8D6D1ECA4950000C20FA /* Controllers */ = {
			isa = PBXGroup;
			children = (
				2806DB4B1ECB9B2700126188 /* DevProfileViewController.h */,
				2806DB4C1ECB9B2700126188 /* DevProfileViewController.m */,
				624F8D811ECBE5CA000C20FA /* NewRequestViewController.h */,
				624F8D821ECBE5CA000C20FA /* NewRequestViewController.m */,
				624F8D5C1ECA48C6000C20FA /* ViewController.h */,
				624F8D5D1ECA48C6000C20FA /* ViewController.m */,
			);
			name = Controllers;
			sourceTree = "<group>";
		};
		624F8D6E1ECA4957000C20FA /* Views */ = {
			isa = PBXGroup;
			children = (
				624F8D5F1ECA48C6000C20FA /* Main.storyboard */,
				2806DB3E1ECA61B300126188 /* DevRequestsTableViewCell.h */,
				2806DB3F1ECA61B300126188 /* DevRequestsTableViewCell.m */,
				2806DB481ECB80CC00126188 /* DevCell.h */,
				2806DB491ECB80CC00126188 /* DevCell.m */,
				2806DB401ECA61B300126188 /* DevRequestsTableViewCell.xib */,
				624F8D641ECA48C6000C20FA /* LaunchScreen.storyboard */,
			);
			name = Views;
			sourceTree = "<group>";
		};
		624F8D741ECA6408000C20FA /* Models */ = {
			isa = PBXGroup;
			children = (
				624F8D751ECA654A000C20FA /* Developer.h */,
				624F8D761ECA654A000C20FA /* Developer.m */,
				624F8D781ECA660D000C20FA /* Organization.h */,
				624F8D791ECA660D000C20FA /* Organization.m */,
				624F8D7B1ECB8845000C20FA /* Project.h */,
				624F8D7C1ECB8845000C20FA /* Project.m */,
				624F8D7E1ECB8A65000C20FA /* Review.h */,
				624F8D7F1ECB8A65000C20FA /* Review.m */,
				624F8D711ECA6403000C20FA /* User.h */,
				624F8D721ECA6403000C20FA /* User.m */,
			);
			name = Models;
			sourceTree = "<group>";
		};
/* End PBXGroup section */

/* Begin PBXNativeTarget section */
		624F8D521ECA48C6000C20FA /* dev-org */ = {
			isa = PBXNativeTarget;
			buildConfigurationList = 624F8D6A1ECA48C6000C20FA /* Build configuration list for PBXNativeTarget "dev-org" */;
			buildPhases = (
				624F8D4F1ECA48C6000C20FA /* Sources */,
				624F8D501ECA48C6000C20FA /* Frameworks */,
				624F8D511ECA48C6000C20FA /* Resources */,
			);
			buildRules = (
			);
			dependencies = (
			);
			name = "dev-org";
			productName = "dev-org";
			productReference = 624F8D531ECA48C6000C20FA /* dev-org.app */;
			productType = "com.apple.product-type.application";
		};
/* End PBXNativeTarget section */

/* Begin PBXProject section */
		624F8D4B1ECA48C6000C20FA /* Project object */ = {
			isa = PBXProject;
			attributes = {
				LastUpgradeCheck = 0830;
				ORGANIZATIONNAME = "Robert Hatfield";
				TargetAttributes = {
					624F8D521ECA48C6000C20FA = {
						CreatedOnToolsVersion = 8.3.2;
						DevelopmentTeam = 5EB567WJ73;
						ProvisioningStyle = Automatic;
					};
				};
			};
			buildConfigurationList = 624F8D4E1ECA48C6000C20FA /* Build configuration list for PBXProject "dev-org" */;
			compatibilityVersion = "Xcode 3.2";
			developmentRegion = English;
			hasScannedForEncodings = 0;
			knownRegions = (
				en,
				Base,
			);
			mainGroup = 624F8D4A1ECA48C6000C20FA;
			productRefGroup = 624F8D541ECA48C6000C20FA /* Products */;
			projectDirPath = "";
			projectRoot = "";
			targets = (
				624F8D521ECA48C6000C20FA /* dev-org */,
			);
		};
/* End PBXProject section */

/* Begin PBXResourcesBuildPhase section */
		624F8D511ECA48C6000C20FA /* Resources */ = {
			isa = PBXResourcesBuildPhase;
			buildActionMask = 2147483647;
			files = (
				2806DB421ECA61B300126188 /* DevRequestsTableViewCell.xib in Resources */,
				624F8D661ECA48C6000C20FA /* LaunchScreen.storyboard in Resources */,
				624F8D631ECA48C6000C20FA /* Assets.xcassets in Resources */,
				624F8D611ECA48C6000C20FA /* Main.storyboard in Resources */,
			);
			runOnlyForDeploymentPostprocessing = 0;
		};
/* End PBXResourcesBuildPhase section */

/* Begin PBXSourcesBuildPhase section */
		624F8D4F1ECA48C6000C20FA /* Sources */ = {
			isa = PBXSourcesBuildPhase;
			buildActionMask = 2147483647;
			files = (
				624F8D7A1ECA660D000C20FA /* Organization.m in Sources */,
				2806DB471ECAB91000126188 /* JSAPI.m in Sources */,
				2806DB4D1ECB9B2700126188 /* DevProfileViewController.m in Sources */,
				624F8D731ECA6403000C20FA /* User.m in Sources */,
				624F8D7D1ECB8845000C20FA /* Project.m in Sources */,
				624F8D5E1ECA48C6000C20FA /* ViewController.m in Sources */,
				624F8D5B1ECA48C6000C20FA /* AppDelegate.m in Sources */,
				2806DB4A1ECB80CC00126188 /* DevCell.m in Sources */,
				624F8D581ECA48C6000C20FA /* main.m in Sources */,
				624F8D771ECA654A000C20FA /* Developer.m in Sources */,
				624F8D831ECBE5CA000C20FA /* NewRequestViewController.m in Sources */,
				2806DB411ECA61B300126188 /* DevRequestsTableViewCell.m in Sources */,
				624F8D801ECB8A65000C20FA /* Review.m in Sources */,
			);
			runOnlyForDeploymentPostprocessing = 0;
		};
/* End PBXSourcesBuildPhase section */

/* Begin PBXVariantGroup section */
		624F8D5F1ECA48C6000C20FA /* Main.storyboard */ = {
			isa = PBXVariantGroup;
			children = (
				624F8D601ECA48C6000C20FA /* Base */,
			);
			name = Main.storyboard;
			sourceTree = "<group>";
		};
		624F8D641ECA48C6000C20FA /* LaunchScreen.storyboard */ = {
			isa = PBXVariantGroup;
			children = (
				624F8D651ECA48C6000C20FA /* Base */,
			);
			name = LaunchScreen.storyboard;
			sourceTree = "<group>";
		};
/* End PBXVariantGroup section */

/* Begin XCBuildConfiguration section */
		624F8D681ECA48C6000C20FA /* Debug */ = {
			isa = XCBuildConfiguration;
			buildSettings = {
				ALWAYS_SEARCH_USER_PATHS = NO;
				CLANG_ANALYZER_NONNULL = YES;
				CLANG_ANALYZER_NUMBER_OBJECT_CONVERSION = YES_AGGRESSIVE;
				CLANG_CXX_LANGUAGE_STANDARD = "gnu++0x";
				CLANG_CXX_LIBRARY = "libc++";
				CLANG_ENABLE_MODULES = YES;
				CLANG_ENABLE_OBJC_ARC = YES;
				CLANG_WARN_BOOL_CONVERSION = YES;
				CLANG_WARN_CONSTANT_CONVERSION = YES;
				CLANG_WARN_DIRECT_OBJC_ISA_USAGE = YES_ERROR;
				CLANG_WARN_DOCUMENTATION_COMMENTS = YES;
				CLANG_WARN_EMPTY_BODY = YES;
				CLANG_WARN_ENUM_CONVERSION = YES;
				CLANG_WARN_INFINITE_RECURSION = YES;
				CLANG_WARN_INT_CONVERSION = YES;
				CLANG_WARN_OBJC_ROOT_CLASS = YES_ERROR;
				CLANG_WARN_SUSPICIOUS_MOVE = YES;
				CLANG_WARN_UNREACHABLE_CODE = YES;
				CLANG_WARN__DUPLICATE_METHOD_MATCH = YES;
				"CODE_SIGN_IDENTITY[sdk=iphoneos*]" = "iPhone Developer";
				COPY_PHASE_STRIP = NO;
				DEBUG_INFORMATION_FORMAT = dwarf;
				ENABLE_STRICT_OBJC_MSGSEND = YES;
				ENABLE_TESTABILITY = YES;
				GCC_C_LANGUAGE_STANDARD = gnu99;
				GCC_DYNAMIC_NO_PIC = NO;
				GCC_NO_COMMON_BLOCKS = YES;
				GCC_OPTIMIZATION_LEVEL = 0;
				GCC_PREPROCESSOR_DEFINITIONS = (
					"DEBUG=1",
					"$(inherited)",
				);
				GCC_WARN_64_TO_32_BIT_CONVERSION = YES;
				GCC_WARN_ABOUT_RETURN_TYPE = YES_ERROR;
				GCC_WARN_UNDECLARED_SELECTOR = YES;
				GCC_WARN_UNINITIALIZED_AUTOS = YES_AGGRESSIVE;
				GCC_WARN_UNUSED_FUNCTION = YES;
				GCC_WARN_UNUSED_VARIABLE = YES;
				IPHONEOS_DEPLOYMENT_TARGET = 10.3;
				MTL_ENABLE_DEBUG_INFO = YES;
				ONLY_ACTIVE_ARCH = YES;
				SDKROOT = iphoneos;
				TARGETED_DEVICE_FAMILY = "1,2";
			};
			name = Debug;
		};
		624F8D691ECA48C6000C20FA /* Release */ = {
			isa = XCBuildConfiguration;
			buildSettings = {
				ALWAYS_SEARCH_USER_PATHS = NO;
				CLANG_ANALYZER_NONNULL = YES;
				CLANG_ANALYZER_NUMBER_OBJECT_CONVERSION = YES_AGGRESSIVE;
				CLANG_CXX_LANGUAGE_STANDARD = "gnu++0x";
				CLANG_CXX_LIBRARY = "libc++";
				CLANG_ENABLE_MODULES = YES;
				CLANG_ENABLE_OBJC_ARC = YES;
				CLANG_WARN_BOOL_CONVERSION = YES;
				CLANG_WARN_CONSTANT_CONVERSION = YES;
				CLANG_WARN_DIRECT_OBJC_ISA_USAGE = YES_ERROR;
				CLANG_WARN_DOCUMENTATION_COMMENTS = YES;
				CLANG_WARN_EMPTY_BODY = YES;
				CLANG_WARN_ENUM_CONVERSION = YES;
				CLANG_WARN_INFINITE_RECURSION = YES;
				CLANG_WARN_INT_CONVERSION = YES;
				CLANG_WARN_OBJC_ROOT_CLASS = YES_ERROR;
				CLANG_WARN_SUSPICIOUS_MOVE = YES;
				CLANG_WARN_UNREACHABLE_CODE = YES;
				CLANG_WARN__DUPLICATE_METHOD_MATCH = YES;
				"CODE_SIGN_IDENTITY[sdk=iphoneos*]" = "iPhone Developer";
				COPY_PHASE_STRIP = NO;
				DEBUG_INFORMATION_FORMAT = "dwarf-with-dsym";
				ENABLE_NS_ASSERTIONS = NO;
				ENABLE_STRICT_OBJC_MSGSEND = YES;
				GCC_C_LANGUAGE_STANDARD = gnu99;
				GCC_NO_COMMON_BLOCKS = YES;
				GCC_WARN_64_TO_32_BIT_CONVERSION = YES;
				GCC_WARN_ABOUT_RETURN_TYPE = YES_ERROR;
				GCC_WARN_UNDECLARED_SELECTOR = YES;
				GCC_WARN_UNINITIALIZED_AUTOS = YES_AGGRESSIVE;
				GCC_WARN_UNUSED_FUNCTION = YES;
				GCC_WARN_UNUSED_VARIABLE = YES;
				IPHONEOS_DEPLOYMENT_TARGET = 10.3;
				MTL_ENABLE_DEBUG_INFO = NO;
				SDKROOT = iphoneos;
				TARGETED_DEVICE_FAMILY = "1,2";
				VALIDATE_PRODUCT = YES;
			};
			name = Release;
		};
		624F8D6B1ECA48C6000C20FA /* Debug */ = {
			isa = XCBuildConfiguration;
			buildSettings = {
				ASSETCATALOG_COMPILER_APPICON_NAME = AppIcon;
				DEVELOPMENT_TEAM = 5EB567WJ73;
				INFOPLIST_FILE = "dev-org/Info.plist";
				LD_RUNPATH_SEARCH_PATHS = "$(inherited) @executable_path/Frameworks";
				PRODUCT_BUNDLE_IDENTIFIER = "com.roberthatfield.dev-org";
				PRODUCT_NAME = "$(TARGET_NAME)";
			};
			name = Debug;
		};
		624F8D6C1ECA48C6000C20FA /* Release */ = {
			isa = XCBuildConfiguration;
			buildSettings = {
				ASSETCATALOG_COMPILER_APPICON_NAME = AppIcon;
				DEVELOPMENT_TEAM = 5EB567WJ73;
				INFOPLIST_FILE = "dev-org/Info.plist";
				LD_RUNPATH_SEARCH_PATHS = "$(inherited) @executable_path/Frameworks";
				PRODUCT_BUNDLE_IDENTIFIER = "com.roberthatfield.dev-org";
				PRODUCT_NAME = "$(TARGET_NAME)";
			};
			name = Release;
		};
/* End XCBuildConfiguration section */

/* Begin XCConfigurationList section */
		624F8D4E1ECA48C6000C20FA /* Build configuration list for PBXProject "dev-org" */ = {
			isa = XCConfigurationList;
			buildConfigurations = (
				624F8D681ECA48C6000C20FA /* Debug */,
				624F8D691ECA48C6000C20FA /* Release */,
			);
			defaultConfigurationIsVisible = 0;
			defaultConfigurationName = Release;
		};
		624F8D6A1ECA48C6000C20FA /* Build configuration list for PBXNativeTarget "dev-org" */ = {
			isa = XCConfigurationList;
			buildConfigurations = (
				624F8D6B1ECA48C6000C20FA /* Debug */,
				624F8D6C1ECA48C6000C20FA /* Release */,
			);
			defaultConfigurationIsVisible = 0;
			defaultConfigurationName = Release;
		};
/* End XCConfigurationList section */
	};
	rootObject = 624F8D4B1ECA48C6000C20FA /* Project object */;
}
